// !$*UTF8*$!
{
	archiveVersion = 1;
	classes = {
	};
	objectVersion = 77;
	objects = {

/* Begin PBXBuildFile section */
		2820CE4D2DD1A53D00BB7142 /* ExtractedFunctionsBootcamp.swift in Sources */ = {isa = PBXBuildFile; fileRef = 2820CE4C2DD1A53D00BB7142 /* ExtractedFunctionsBootcamp.swift */; };
		2820CE512DD1AD6F00BB7142 /* ExtractSubviewBootcamp.swift in Sources */ = {isa = PBXBuildFile; fileRef = 2820CE502DD1AD6F00BB7142 /* ExtractSubviewBootcamp.swift */; };
		2820CE532DD1B2B600BB7142 /* BindingBootcamp.swift in Sources */ = {isa = PBXBuildFile; fileRef = 2820CE522DD1B2B600BB7142 /* BindingBootcamp.swift */; };
		2820CE572DD1D63100BB7142 /* BasicAnimationsBootcamp.swift in Sources */ = {isa = PBXBuildFile; fileRef = 2820CE562DD1D63100BB7142 /* BasicAnimationsBootcamp.swift */; };
		2820CE612DD1EB5400BB7142 /* Assets.xcassets in Resources */ = {isa = PBXBuildFile; fileRef = 2820CE582DD1EB5400BB7142 /* Assets.xcassets */; };
		2820CE622DD1EB5400BB7142 /* Item.swift in Sources */ = {isa = PBXBuildFile; fileRef = 2820CE5B2DD1EB5400BB7142 /* Item.swift */; };
		2820CE632DD1EB5400BB7142 /* ContentView.swift in Sources */ = {isa = PBXBuildFile; fileRef = 2820CE5A2DD1EB5400BB7142 /* ContentView.swift */; };
		2820CE642DD1EB5400BB7142 /* ButtonBootcamp.swift in Sources */ = {isa = PBXBuildFile; fileRef = 2820CE592DD1EB5400BB7142 /* ButtonBootcamp.swift */; };
		2820CE652DD1EB5400BB7142 /* MacBootcampApp.swift in Sources */ = {isa = PBXBuildFile; fileRef = 2820CE5E2DD1EB5400BB7142 /* MacBootcampApp.swift */; };
		28FEC0942DC3EC3F00E3541D /* StateBootcamp.swift in Sources */ = {isa = PBXBuildFile; fileRef = 28FEC0932DC3EC3F00E3541D /* StateBootcamp.swift */; };
		28FEC0962DC3EECF00E3541D /* FunctionBootcamp.swift in Sources */ = {isa = PBXBuildFile; fileRef = 28FEC0952DC3EECF00E3541D /* FunctionBootcamp.swift */; };
/* End PBXBuildFile section */

/* Begin PBXFileReference section */
		2820CE4C2DD1A53D00BB7142 /* ExtractedFunctionsBootcamp.swift */ = {isa = PBXFileReference; lastKnownFileType = sourcecode.swift; path = ExtractedFunctionsBootcamp.swift; sourceTree = "<group>"; };
		2820CE502DD1AD6F00BB7142 /* ExtractSubviewBootcamp.swift */ = {isa = PBXFileReference; lastKnownFileType = sourcecode.swift; path = ExtractSubviewBootcamp.swift; sourceTree = "<group>"; };
		2820CE522DD1B2B600BB7142 /* BindingBootcamp.swift */ = {isa = PBXFileReference; lastKnownFileType = sourcecode.swift; path = BindingBootcamp.swift; sourceTree = "<group>"; };
		2820CE562DD1D63100BB7142 /* BasicAnimationsBootcamp.swift */ = {isa = PBXFileReference; lastKnownFileType = sourcecode.swift; path = BasicAnimationsBootcamp.swift; sourceTree = "<group>"; };
		2820CE582DD1EB5400BB7142 /* Assets.xcassets */ = {isa = PBXFileReference; lastKnownFileType = folder.assetcatalog; path = Assets.xcassets; sourceTree = "<group>"; };
		2820CE592DD1EB5400BB7142 /* ButtonBootcamp.swift */ = {isa = PBXFileReference; lastKnownFileType = sourcecode.swift; path = ButtonBootcamp.swift; sourceTree = "<group>"; };
		2820CE5A2DD1EB5400BB7142 /* ContentView.swift */ = {isa = PBXFileReference; lastKnownFileType = sourcecode.swift; path = ContentView.swift; sourceTree = "<group>"; };
		2820CE5B2DD1EB5400BB7142 /* Item.swift */ = {isa = PBXFileReference; lastKnownFileType = sourcecode.swift; path = Item.swift; sourceTree = "<group>"; };
		2820CE5C2DD1EB5400BB7142 /* MacBootcamp.entitlements */ = {isa = PBXFileReference; lastKnownFileType = text.plist.entitlements; path = MacBootcamp.entitlements; sourceTree = "<group>"; };
		2820CE5D2DD1EB5400BB7142 /* MacBootcamp.xcodeproj */ = {isa = PBXFileReference; lastKnownFileType = "wrapper.pb-project"; path = MacBootcamp.xcodeproj; sourceTree = "<group>"; };
		2820CE5E2DD1EB5400BB7142 /* MacBootcampApp.swift */ = {isa = PBXFileReference; lastKnownFileType = sourcecode.swift; path = MacBootcampApp.swift; sourceTree = "<group>"; };
		28FEC07C2DC3D88600E3541D /* MacBootcamp.app */ = {isa = PBXFileReference; explicitFileType = wrapper.application; includeInIndex = 0; path = MacBootcamp.app; sourceTree = BUILT_PRODUCTS_DIR; };
		28FEC0932DC3EC3F00E3541D /* StateBootcamp.swift */ = {isa = PBXFileReference; lastKnownFileType = sourcecode.swift; path = StateBootcamp.swift; sourceTree = "<group>"; };
		28FEC0952DC3EECF00E3541D /* FunctionBootcamp.swift */ = {isa = PBXFileReference; lastKnownFileType = sourcecode.swift; path = FunctionBootcamp.swift; sourceTree = "<group>"; };
/* End PBXFileReference section */

/* Begin PBXFileSystemSynchronizedRootGroup section */
		28FEC07E2DC3D88600E3541D /* MacBootcamp */ = {
			isa = PBXFileSystemSynchronizedRootGroup;
			path = MacBootcamp;
			sourceTree = "<group>";
		};
/* End PBXFileSystemSynchronizedRootGroup section */

/* Begin PBXFrameworksBuildPhase section */
		28FEC0792DC3D88600E3541D /* Frameworks */ = {
			isa = PBXFrameworksBuildPhase;
			buildActionMask = 2147483647;
			files = (
			);
			runOnlyForDeploymentPostprocessing = 0;
		};
/* End PBXFrameworksBuildPhase section */

/* Begin PBXGroup section */
		2820CE5F2DD1EB5400BB7142 /* Products */ = {
			isa = PBXGroup;
			name = Products;
			sourceTree = "<group>";
		};
		28FEC0732DC3D88600E3541D = {
			isa = PBXGroup;
			children = (
				28FEC0932DC3EC3F00E3541D /* StateBootcamp.swift */,
				28FEC0952DC3EECF00E3541D /* FunctionBootcamp.swift */,
				2820CE4C2DD1A53D00BB7142 /* ExtractedFunctionsBootcamp.swift */,
				2820CE502DD1AD6F00BB7142 /* ExtractSubviewBootcamp.swift */,
				2820CE522DD1B2B600BB7142 /* BindingBootcamp.swift */,
				2820CE562DD1D63100BB7142 /* BasicAnimationsBootcamp.swift */,
				2820CE582DD1EB5400BB7142 /* Assets.xcassets */,
				2820CE592DD1EB5400BB7142 /* ButtonBootcamp.swift */,
				2820CE5A2DD1EB5400BB7142 /* ContentView.swift */,
				2820CE5B2DD1EB5400BB7142 /* Item.swift */,
				2820CE5C2DD1EB5400BB7142 /* MacBootcamp.entitlements */,
				2820CE5D2DD1EB5400BB7142 /* MacBootcamp.xcodeproj */,
				2820CE5E2DD1EB5400BB7142 /* MacBootcampApp.swift */,
				28FEC07E2DC3D88600E3541D /* MacBootcamp */,
				28FEC07D2DC3D88600E3541D /* Products */,
			);
			sourceTree = "<group>";
		};
		28FEC07D2DC3D88600E3541D /* Products */ = {
			isa = PBXGroup;
			children = (
				28FEC07C2DC3D88600E3541D /* MacBootcamp.app */,
			);
			name = Products;
			sourceTree = "<group>";
		};
/* End PBXGroup section */

/* Begin PBXNativeTarget section */
		28FEC07B2DC3D88600E3541D /* MacBootcamp */ = {
			isa = PBXNativeTarget;
			buildConfigurationList = 28FEC08A2DC3D88800E3541D /* Build configuration list for PBXNativeTarget "MacBootcamp" */;
			buildPhases = (
				28FEC0782DC3D88600E3541D /* Sources */,
				28FEC0792DC3D88600E3541D /* Frameworks */,
				28FEC07A2DC3D88600E3541D /* Resources */,
			);
			buildRules = (
			);
			dependencies = (
			);
			fileSystemSynchronizedGroups = (
				28FEC07E2DC3D88600E3541D /* MacBootcamp */,
			);
			name = MacBootcamp;
			packageProductDependencies = (
			);
			productName = MacBootcamp;
			productReference = 28FEC07C2DC3D88600E3541D /* MacBootcamp.app */;
			productType = "com.apple.product-type.application";
		};
/* End PBXNativeTarget section */

/* Begin PBXProject section */
		28FEC0742DC3D88600E3541D /* Project object */ = {
			isa = PBXProject;
			attributes = {
				BuildIndependentTargetsInParallel = 1;
				LastSwiftUpdateCheck = 1630;
				LastUpgradeCheck = 1630;
				TargetAttributes = {
					28FEC07B2DC3D88600E3541D = {
						CreatedOnToolsVersion = 16.3;
					};
				};
			};
			buildConfigurationList = 28FEC0772DC3D88600E3541D /* Build configuration list for PBXProject "MacBootcamp" */;
			developmentRegion = en;
			hasScannedForEncodings = 0;
			knownRegions = (
				en,
				Base,
			);
			mainGroup = 28FEC0732DC3D88600E3541D;
			minimizedProjectReferenceProxies = 1;
			preferredProjectObjectVersion = 77;
			productRefGroup = 28FEC07D2DC3D88600E3541D /* Products */;
			projectDirPath = "";
			projectReferences = (
				{
					ProductGroup = 2820CE5F2DD1EB5400BB7142 /* Products */;
					ProjectRef = 2820CE5D2DD1EB5400BB7142 /* MacBootcamp.xcodeproj */;
				},
			);
			projectRoot = "";
			targets = (
				28FEC07B2DC3D88600E3541D /* MacBootcamp */,
			);
		};
/* End PBXProject section */

/* Begin PBXResourcesBuildPhase section */
		28FEC07A2DC3D88600E3541D /* Resources */ = {
			isa = PBXResourcesBuildPhase;
			buildActionMask = 2147483647;
			files = (
				2820CE612DD1EB5400BB7142 /* Assets.xcassets in Resources */,
			);
			runOnlyForDeploymentPostprocessing = 0;
		};
/* End PBXResourcesBuildPhase section */

/* Begin PBXSourcesBuildPhase section */
		28FEC0782DC3D88600E3541D /* Sources */ = {
			isa = PBXSourcesBuildPhase;
			buildActionMask = 2147483647;
			files = (
				2820CE4D2DD1A53D00BB7142 /* ExtractedFunctionsBootcamp.swift in Sources */,
				2820CE532DD1B2B600BB7142 /* BindingBootcamp.swift in Sources */,
				28FEC0962DC3EECF00E3541D /* FunctionBootcamp.swift in Sources */,
				2820CE622DD1EB5400BB7142 /* Item.swift in Sources */,
				2820CE632DD1EB5400BB7142 /* ContentView.swift in Sources */,
				2820CE642DD1EB5400BB7142 /* ButtonBootcamp.swift in Sources */,
				2820CE652DD1EB5400BB7142 /* MacBootcampApp.swift in Sources */,
				2820CE572DD1D63100BB7142 /* BasicAnimationsBootcamp.swift in Sources */,
				2820CE512DD1AD6F00BB7142 /* ExtractSubviewBootcamp.swift in Sources */,
				28FEC0942DC3EC3F00E3541D /* StateBootcamp.swift in Sources */,
			);
			runOnlyForDeploymentPostprocessing = 0;
		};
/* End PBXSourcesBuildPhase section */

/* Begin XCBuildConfiguration section */
		28FEC0882DC3D88800E3541D /* Debug */ = {
			isa = XCBuildConfiguration;
			buildSettings = {
				ALWAYS_SEARCH_USER_PATHS = NO;
				ASSETCATALOG_COMPILER_GENERATE_SWIFT_ASSET_SYMBOL_EXTENSIONS = YES;
				CLANG_ANALYZER_NONNULL = YES;
				CLANG_ANALYZER_NUMBER_OBJECT_CONVERSION = YES_AGGRESSIVE;
				CLANG_CXX_LANGUAGE_STANDARD = "gnu++20";
				CLANG_ENABLE_MODULES = YES;
				CLANG_ENABLE_OBJC_ARC = YES;
				CLANG_ENABLE_OBJC_WEAK = YES;
				CLANG_WARN_BLOCK_CAPTURE_AUTORELEASING = YES;
				CLANG_WARN_BOOL_CONVERSION = YES;
				CLANG_WARN_COMMA = YES;
				CLANG_WARN_CONSTANT_CONVERSION = YES;
				CLANG_WARN_DEPRECATED_OBJC_IMPLEMENTATIONS = YES;
				CLANG_WARN_DIRECT_OBJC_ISA_USAGE = YES_ERROR;
				CLANG_WARN_DOCUMENTATION_COMMENTS = YES;
				CLANG_WARN_EMPTY_BODY = YES;
				CLANG_WARN_ENUM_CONVERSION = YES;
				CLANG_WARN_INFINITE_RECURSION = YES;
				CLANG_WARN_INT_CONVERSION = YES;
				CLANG_WARN_NON_LITERAL_NULL_CONVERSION = YES;
				CLANG_WARN_OBJC_IMPLICIT_RETAIN_SELF = YES;
				CLANG_WARN_OBJC_LITERAL_CONVERSION = YES;
				CLANG_WARN_OBJC_ROOT_CLASS = YES_ERROR;
				CLANG_WARN_QUOTED_INCLUDE_IN_FRAMEWORK_HEADER = YES;
				CLANG_WARN_RANGE_LOOP_ANALYSIS = YES;
				CLANG_WARN_STRICT_PROTOTYPES = YES;
				CLANG_WARN_SUSPICIOUS_MOVE = YES;
				CLANG_WARN_UNGUARDED_AVAILABILITY = YES_AGGRESSIVE;
				CLANG_WARN_UNREACHABLE_CODE = YES;
				CLANG_WARN__DUPLICATE_METHOD_MATCH = YES;
				COPY_PHASE_STRIP = NO;
				DEBUG_INFORMATION_FORMAT = dwarf;
				DEVELOPMENT_TEAM = 6KGZ4J8WMQ;
				ENABLE_STRICT_OBJC_MSGSEND = YES;
				ENABLE_TESTABILITY = YES;
				ENABLE_USER_SCRIPT_SANDBOXING = YES;
				GCC_C_LANGUAGE_STANDARD = gnu17;
				GCC_DYNAMIC_NO_PIC = NO;
				GCC_NO_COMMON_BLOCKS = YES;
				GCC_OPTIMIZATION_LEVEL = 0;
				GCC_PREPROCESSOR_DEFINITIONS = (
					"DEBUG=1",
					"$(inherited)",
				);
				GCC_WARN_64_TO_32_BIT_CONVERSION = YES;
				GCC_WARN_ABOUT_RETURN_TYPE = YES_ERROR;
				GCC_WARN_UNDECLARED_SELECTOR = YES;
				GCC_WARN_UNINITIALIZED_AUTOS = YES_AGGRESSIVE;
				GCC_WARN_UNUSED_FUNCTION = YES;
				GCC_WARN_UNUSED_VARIABLE = YES;
				LOCALIZATION_PREFERS_STRING_CATALOGS = YES;
				MACOSX_DEPLOYMENT_TARGET = 15.4;
				MTL_ENABLE_DEBUG_INFO = INCLUDE_SOURCE;
				MTL_FAST_MATH = YES;
				ONLY_ACTIVE_ARCH = YES;
				SDKROOT = macosx;
				SWIFT_ACTIVE_COMPILATION_CONDITIONS = "DEBUG $(inherited)";
				SWIFT_OPTIMIZATION_LEVEL = "-Onone";
			};
			name = Debug;
		};
		28FEC0892DC3D88800E3541D /* Release */ = {
			isa = XCBuildConfiguration;
			buildSettings = {
				ALWAYS_SEARCH_USER_PATHS = NO;
				ASSETCATALOG_COMPILER_GENERATE_SWIFT_ASSET_SYMBOL_EXTENSIONS = YES;
				CLANG_ANALYZER_NONNULL = YES;
				CLANG_ANALYZER_NUMBER_OBJECT_CONVERSION = YES_AGGRESSIVE;
				CLANG_CXX_LANGUAGE_STANDARD = "gnu++20";
				CLANG_ENABLE_MODULES = YES;
				CLANG_ENABLE_OBJC_ARC = YES;
				CLANG_ENABLE_OBJC_WEAK = YES;
				CLANG_WARN_BLOCK_CAPTURE_AUTORELEASING = YES;
				CLANG_WARN_BOOL_CONVERSION = YES;
				CLANG_WARN_COMMA = YES;
				CLANG_WARN_CONSTANT_CONVERSION = YES;
				CLANG_WARN_DEPRECATED_OBJC_IMPLEMENTATIONS = YES;
				CLANG_WARN_DIRECT_OBJC_ISA_USAGE = YES_ERROR;
				CLANG_WARN_DOCUMENTATION_COMMENTS = YES;
				CLANG_WARN_EMPTY_BODY = YES;
				CLANG_WARN_ENUM_CONVERSION = YES;
				CLANG_WARN_INFINITE_RECURSION = YES;
				CLANG_WARN_INT_CONVERSION = YES;
				CLANG_WARN_NON_LITERAL_NULL_CONVERSION = YES;
				CLANG_WARN_OBJC_IMPLICIT_RETAIN_SELF = YES;
				CLANG_WARN_OBJC_LITERAL_CONVERSION = YES;
				CLANG_WARN_OBJC_ROOT_CLASS = YES_ERROR;
				CLANG_WARN_QUOTED_INCLUDE_IN_FRAMEWORK_HEADER = YES;
				CLANG_WARN_RANGE_LOOP_ANALYSIS = YES;
				CLANG_WARN_STRICT_PROTOTYPES = YES;
				CLANG_WARN_SUSPICIOUS_MOVE = YES;
				CLANG_WARN_UNGUARDED_AVAILABILITY = YES_AGGRESSIVE;
				CLANG_WARN_UNREACHABLE_CODE = YES;
				CLANG_WARN__DUPLICATE_METHOD_MATCH = YES;
				COPY_PHASE_STRIP = NO;
				DEBUG_INFORMATION_FORMAT = "dwarf-with-dsym";
				DEVELOPMENT_TEAM = 6KGZ4J8WMQ;
				ENABLE_NS_ASSERTIONS = NO;
				ENABLE_STRICT_OBJC_MSGSEND = YES;
				ENABLE_USER_SCRIPT_SANDBOXING = YES;
				GCC_C_LANGUAGE_STANDARD = gnu17;
				GCC_NO_COMMON_BLOCKS = YES;
				GCC_WARN_64_TO_32_BIT_CONVERSION = YES;
				GCC_WARN_ABOUT_RETURN_TYPE = YES_ERROR;
				GCC_WARN_UNDECLARED_SELECTOR = YES;
				GCC_WARN_UNINITIALIZED_AUTOS = YES_AGGRESSIVE;
				GCC_WARN_UNUSED_FUNCTION = YES;
				GCC_WARN_UNUSED_VARIABLE = YES;
				LOCALIZATION_PREFERS_STRING_CATALOGS = YES;
				MACOSX_DEPLOYMENT_TARGET = 15.4;
				MTL_ENABLE_DEBUG_INFO = NO;
				MTL_FAST_MATH = YES;
				SDKROOT = macosx;
				SWIFT_COMPILATION_MODE = wholemodule;
			};
			name = Release;
		};
		28FEC08B2DC3D88800E3541D /* Debug */ = {
			isa = XCBuildConfiguration;
			buildSettings = {
				ASSETCATALOG_COMPILER_APPICON_NAME = AppIcon;
				ASSETCATALOG_COMPILER_GLOBAL_ACCENT_COLOR_NAME = AccentColor;
				CODE_SIGN_ENTITLEMENTS = MacBootcamp/MacBootcamp.entitlements;
				CODE_SIGN_STYLE = Automatic;
				COMBINE_HIDPI_IMAGES = YES;
				CURRENT_PROJECT_VERSION = 1;
				DEVELOPMENT_TEAM = 6KGZ4J8WMQ;
				ENABLE_HARDENED_RUNTIME = YES;
				ENABLE_PREVIEWS = YES;
				GENERATE_INFOPLIST_FILE = YES;
				INFOPLIST_KEY_NSHumanReadableCopyright = "";
				LD_RUNPATH_SEARCH_PATHS = (
					"$(inherited)",
					"@executable_path/../Frameworks",
				);
				MACOSX_DEPLOYMENT_TARGET = 14.0;
				MARKETING_VERSION = 1.0;
				PRODUCT_BUNDLE_IDENTIFIER = com.govind.MacBootcamp;
				PRODUCT_NAME = "$(TARGET_NAME)";
				REGISTER_APP_GROUPS = YES;
				SWIFT_EMIT_LOC_STRINGS = YES;
				SWIFT_VERSION = 5.0;
			};
			name = Debug;
		};
		28FEC08C2DC3D88800E3541D /* Release */ = {
			isa = XCBuildConfiguration;
			buildSettings = {
				ASSETCATALOG_COMPILER_APPICON_NAME = AppIcon;
				ASSETCATALOG_COMPILER_GLOBAL_ACCENT_COLOR_NAME = AccentColor;
				CODE_SIGN_ENTITLEMENTS = MacBootcamp/MacBootcamp.entitlements;
				CODE_SIGN_STYLE = Automatic;
				COMBINE_HIDPI_IMAGES = YES;
				CURRENT_PROJECT_VERSION = 1;
				DEVELOPMENT_TEAM = 6KGZ4J8WMQ;
				ENABLE_HARDENED_RUNTIME = YES;
				ENABLE_PREVIEWS = YES;
				GENERATE_INFOPLIST_FILE = YES;
				INFOPLIST_KEY_NSHumanReadableCopyright = "";
				LD_RUNPATH_SEARCH_PATHS = (
					"$(inherited)",
					"@executable_path/../Frameworks",
				);
				MACOSX_DEPLOYMENT_TARGET = 14.0;
				MARKETING_VERSION = 1.0;
				PRODUCT_BUNDLE_IDENTIFIER = com.govind.MacBootcamp;
				PRODUCT_NAME = "$(TARGET_NAME)";
				REGISTER_APP_GROUPS = YES;
				SWIFT_EMIT_LOC_STRINGS = YES;
				SWIFT_VERSION = 5.0;
			};
			name = Release;
		};
/* End XCBuildConfiguration section */

/* Begin XCConfigurationList section */
		28FEC0772DC3D88600E3541D /* Build configuration list for PBXProject "MacBootcamp" */ = {
			isa = XCConfigurationList;
			buildConfigurations = (
				28FEC0882DC3D88800E3541D /* Debug */,
				28FEC0892DC3D88800E3541D /* Release */,
			);
			defaultConfigurationIsVisible = 0;
			defaultConfigurationName = Release;
		};
		28FEC08A2DC3D88800E3541D /* Build configuration list for PBXNativeTarget "MacBootcamp" */ = {
			isa = XCConfigurationList;
			buildConfigurations = (
				28FEC08B2DC3D88800E3541D /* Debug */,
				28FEC08C2DC3D88800E3541D /* Release */,
			);
			defaultConfigurationIsVisible = 0;
			defaultConfigurationName = Release;
		};
/* End XCConfigurationList section */
	};
	rootObject = 28FEC0742DC3D88600E3541D /* Project object */;
}
